
Microsoft Visual Studio Solution File, Format Version 12.00
# Visual Studio 15
VisualStudioVersion = 15.0.28306.52
MinimumVisualStudioVersion = 10.0.40219.1
Project("{FAE04EC0-301F-11D3-BF4B-00C04F79EFBC}") = "Letterfrequenties", "Letterfrequenties\Letterfrequenties.csproj", "{9490E374-5D29-45B6-BBE4-83D5564D9B0A}"
EndProject
Global
	GlobalSection(SolutionConfigurationPlatforms) = preSolution
		Debug|Any CPU = Debug|Any CPU
		Release|Any CPU = Release|Any CPU
	EndGlobalSection
	GlobalSection(ProjectConfigurationPlatforms) = postSolution
		{9490E374-5D29-45B6-BBE4-83D5564D9B0A}.Debug|Any CPU.ActiveCfg = Debug|Any CPU
		{9490E374-5D29-45B6-BBE4-83D5564D9B0A}.Debug|Any CPU.Build.0 = Debug|Any CPU
		{9490E374-5D29-45B6-BBE4-83D5564D9B0A}.Release|Any CPU.ActiveCfg = Release|Any CPU
		{9490E374-5D29-45B6-BBE4-83D5564D9B0A}.Release|Any CPU.Build.0 = Release|Any CPU
	EndGlobalSection
	GlobalSection(SolutionProperties) = preSolution
		HideSolutionNode = FALSE
	EndGlobalSection
	GlobalSection(ExtensibilityGlobals) = postSolution
		SolutionGuid = {172D7A1B-962B-4A34-B197-7D71E6217724}
	EndGlobalSection
EndGlobal
