
Microsoft Visual Studio Solution File, Format Version 12.00
# Visual Studio 15
VisualStudioVersion = 15.0.28306.52
MinimumVisualStudioVersion = 10.0.40219.1
Project("{FAE04EC0-301F-11D3-BF4B-00C04F79EFBC}") = "Kinderbijslagregeling", "Kinderbijslagregeling\Kinderbijslagregeling.csproj", "{FE4BDA97-ADBC-41B9-8315-18C32264FFEC}"
EndProject
Global
	GlobalSection(SolutionConfigurationPlatforms) = preSolution
		Debug|Any CPU = Debug|Any CPU
		Release|Any CPU = Release|Any CPU
	EndGlobalSection
	GlobalSection(ProjectConfigurationPlatforms) = postSolution
		{FE4BDA97-ADBC-41B9-8315-18C32264FFEC}.Debug|Any CPU.ActiveCfg = Debug|Any CPU
		{FE4BDA97-ADBC-41B9-8315-18C32264FFEC}.Debug|Any CPU.Build.0 = Debug|Any CPU
		{FE4BDA97-ADBC-41B9-8315-18C32264FFEC}.Release|Any CPU.ActiveCfg = Release|Any CPU
		{FE4BDA97-ADBC-41B9-8315-18C32264FFEC}.Release|Any CPU.Build.0 = Release|Any CPU
	EndGlobalSection
	GlobalSection(SolutionProperties) = preSolution
		HideSolutionNode = FALSE
	EndGlobalSection
	GlobalSection(ExtensibilityGlobals) = postSolution
		SolutionGuid = {338DD386-0FA2-4CAF-AF22-67745D50EBE2}
	EndGlobalSection
EndGlobal
